{
  "name": "mind-diary",
  "version": "0.0.0",
  "lockfileVersion": 3,
  "requires": true,
  "packages": {
    "": {
      "name": "mind-diary",
      "version": "0.0.0",
      "workspaces": [
        "packages/*"
      ],
      "dependencies": {
        "yaml": "2.9.0"
      },
      "devDependencies": {
        "typescript": "5.9.3"
      },
      "engines": {
        "node": ">=22.13.0"
      }
    },
    "node_modules/@mind-diary/adapter-audit-memory": {
      "resolved": "packages/adapter-audit-memory",
      "link": true
    },
    "node_modules/@mind-diary/adapter-audit-sites": {
      "resolved": "packages/adapter-audit-sites",
      "link": true
    },
    "node_modules/@mind-diary/adapter-background": {
      "resolved": "packages/adapter-background",
      "link": true
    },
    "node_modules/@mind-diary/adapter-mcp": {
      "resolved": "packages/adapter-mcp",
      "link": true
    },
    "node_modules/@mind-diary/adapter-metadata-memory": {
      "resolved": "packages/adapter-metadata-memory",
      "link": true
    },
    "node_modules/@mind-diary/adapter-metadata-sites": {
      "resolved": "packages/adapter-metadata-sites",
      "link": true
    },
    "node_modules/@mind-diary/adapter-object-memory": {
      "resolved": "packages/adapter-object-memory",
      "link": true
    },
    "node_modules/@mind-diary/adapter-object-sites": {
      "resolved": "packages/adapter-object-sites",
      "link": true
    },
    "node_modules/@mind-diary/adapter-search-memory": {
      "resolved": "packages/adapter-search-memory",
      "link": true
    },
    "node_modules/@mind-diary/adapter-search-sites": {
      "resolved": "packages/adapter-search-sites",
      "link": true
    },
    "node_modules/@mind-diary/adapter-security-webcrypto": {
      "resolved": "packages/adapter-security-webcrypto",
      "link": true
    },
    "node_modules/@mind-diary/adapter-web": {
      "resolved": "packages/adapter-web",
      "link": true
    },
    "node_modules/@mind-diary/application-background": {
      "resolved": "packages/application-background",
      "link": true
    },
    "node_modules/@mind-diary/application-content": {
      "resolved": "packages/application-content",
      "link": true
    },
    "node_modules/@mind-diary/application-contracts": {
      "resolved": "packages/application-contracts",
      "link": true
    },
    "node_modules/@mind-diary/application-control": {
      "resolved": "packages/application-control",
      "link": true
    },
    "node_modules/@mind-diary/application-ports": {
      "resolved": "packages/application-ports",
      "link": true
    },
    "node_modules/@mind-diary/composition-root": {
      "resolved": "packages/composition-root",
      "link": true
    },
    "node_modules/@mind-diary/domain": {
      "resolved": "packages/domain",
      "link": true
    },
    "node_modules/@mind-diary/okf-codec": {
      "resolved": "packages/okf-codec",
      "link": true
    },
    "node_modules/@mind-diary/test-fixtures": {
      "resolved": "packages/test-fixtures",
      "link": true
    },
    "node_modules/typescript": {
      "version": "5.9.3",
      "resolved": "https://registry.npmjs.org/typescript/-/typescript-5.9.3.tgz",
      "integrity": "sha512-jl1vZzPDinLr9eUt3J/t7V6FgNEw9QjvBPdysz9KfQDD41fQrC2Y4vKQdiaUpFT4bXlb1RHhLpp8wtm6M5TgSw==",
      "dev": true,
      "license": "Apache-2.0",
      "bin": {
        "tsc": "bin/tsc",
        "tsserver": "bin/tsserver"
      },
      "engines": {
        "node": ">=14.17"
      }
    },
    "node_modules/yaml": {
      "version": "2.9.0",
      "resolved": "https://registry.npmjs.org/yaml/-/yaml-2.9.0.tgz",
      "integrity": "sha512-2AvhNX3mb8zd6Zy7INTtSpl1F15HW6Wnqj0srWlkKLcpYl/gMIMJiyuGq2KeI2YFxUPjdlB+3Lc10seMLtL4cA==",
      "license": "ISC",
      "bin": {
        "yaml": "bin.mjs"
      },
      "engines": {
        "node": ">= 14.6"
      },
      "funding": {
        "url": "https://github.com/sponsors/eemeli"
      }
    },
    "packages/adapter-audit-memory": {
      "name": "@mind-diary/adapter-audit-memory",
      "version": "0.0.0",
      "dependencies": {
        "@mind-diary/application-ports": "0.0.0"
      }
    },
    "packages/adapter-audit-sites": {
      "name": "@mind-diary/adapter-audit-sites",
      "version": "0.0.0",
      "dependencies": {
        "@mind-diary/application-ports": "0.0.0"
      }
    },
    "packages/adapter-background": {
      "name": "@mind-diary/adapter-background",
      "version": "0.0.0",
      "dependencies": {
        "@mind-diary/application-background": "0.0.0"
      }
    },
    "packages/adapter-mcp": {
      "name": "@mind-diary/adapter-mcp",
      "version": "0.0.0",
      "dependencies": {
        "@mind-diary/application-content": "0.0.0"
      }
    },
    "packages/adapter-metadata-memory": {
      "name": "@mind-diary/adapter-metadata-memory",
      "version": "0.0.0",
      "dependencies": {
        "@mind-diary/application-ports": "0.0.0"
      }
    },
    "packages/adapter-metadata-sites": {
      "name": "@mind-diary/adapter-metadata-sites",
      "version": "0.0.0",
      "dependencies": {
        "@mind-diary/adapter-metadata-memory": "0.0.0",
        "@mind-diary/application-ports": "0.0.0"
      }
    },
    "packages/adapter-object-memory": {
      "name": "@mind-diary/adapter-object-memory",
      "version": "0.0.0",
      "dependencies": {
        "@mind-diary/application-ports": "0.0.0"
      }
    },
    "packages/adapter-object-sites": {
      "name": "@mind-diary/adapter-object-sites",
      "version": "0.0.0",
      "dependencies": {
        "@mind-diary/application-ports": "0.0.0"
      }
    },
    "packages/adapter-search-memory": {
      "name": "@mind-diary/adapter-search-memory",
      "version": "0.0.0",
      "dependencies": {
        "@mind-diary/application-ports": "0.0.0"
      }
    },
    "packages/adapter-search-sites": {
      "name": "@mind-diary/adapter-search-sites",
      "version": "0.0.0",
      "dependencies": {
        "@mind-diary/application-ports": "0.0.0"
      }
    },
    "packages/adapter-security-webcrypto": {
      "name": "@mind-diary/adapter-security-webcrypto",
      "version": "0.0.0",
      "dependencies": {
        "@mind-diary/application-ports": "0.0.0"
      }
    },
    "packages/adapter-web": {
      "name": "@mind-diary/adapter-web",
      "version": "0.0.0",
      "dependencies": {
        "@mind-diary/application-control": "0.0.0"
      }
    },
    "packages/application-background": {
      "name": "@mind-diary/application-background",
      "version": "0.0.0",
      "dependencies": {
        "@mind-diary/application-contracts": "0.0.0",
        "@mind-diary/application-ports": "0.0.0",
        "@mind-diary/domain": "0.0.0",
        "@mind-diary/okf-codec": "0.0.0"
      }
    },
    "packages/application-content": {
      "name": "@mind-diary/application-content",
      "version": "0.0.0",
      "dependencies": {
        "@mind-diary/application-contracts": "0.0.0",
        "@mind-diary/application-ports": "0.0.0",
        "@mind-diary/domain": "0.0.0",
        "@mind-diary/okf-codec": "0.0.0"
      }
    },
    "packages/application-contracts": {
      "name": "@mind-diary/application-contracts",
      "version": "0.0.0",
      "dependencies": {
        "@mind-diary/domain": "0.0.0"
      }
    },
    "packages/application-control": {
      "name": "@mind-diary/application-control",
      "version": "0.0.0",
      "dependencies": {
        "@mind-diary/application-contracts": "0.0.0",
        "@mind-diary/application-ports": "0.0.0",
        "@mind-diary/domain": "0.0.0"
      }
    },
    "packages/application-ports": {
      "name": "@mind-diary/application-ports",
      "version": "0.0.0",
      "dependencies": {
        "@mind-diary/application-contracts": "0.0.0",
        "@mind-diary/domain": "0.0.0"
      }
    },
    "packages/composition-root": {
      "name": "@mind-diary/composition-root",
      "version": "0.0.0",
      "dependencies": {
        "@mind-diary/adapter-audit-memory": "0.0.0",
        "@mind-diary/adapter-audit-sites": "0.0.0",
        "@mind-diary/adapter-background": "0.0.0",
        "@mind-diary/adapter-mcp": "0.0.0",
        "@mind-diary/adapter-metadata-memory": "0.0.0",
        "@mind-diary/adapter-metadata-sites": "0.0.0",
        "@mind-diary/adapter-object-memory": "0.0.0",
        "@mind-diary/adapter-object-sites": "0.0.0",
        "@mind-diary/adapter-search-memory": "0.0.0",
        "@mind-diary/adapter-search-sites": "0.0.0",
        "@mind-diary/adapter-security-webcrypto": "0.0.0",
        "@mind-diary/adapter-web": "0.0.0",
        "@mind-diary/application-background": "0.0.0",
        "@mind-diary/application-content": "0.0.0",
        "@mind-diary/application-control": "0.0.0"
      }
    },
    "packages/domain": {
      "name": "@mind-diary/domain",
      "version": "0.0.0"
    },
    "packages/okf-codec": {
      "name": "@mind-diary/okf-codec",
      "version": "0.0.0",
      "dependencies": {
        "@mind-diary/domain": "0.0.0"
      }
    },
    "packages/test-fixtures": {
      "name": "@mind-diary/test-fixtures",
      "version": "0.0.0",
      "dependencies": {
        "@mind-diary/domain": "0.0.0",
        "@mind-diary/okf-codec": "0.0.0"
      }
    }
  }
}
